<?xml version="1.0" encoding="utf-8"?>
<Project ToolsVersion="17.0" xmlns="http://schemas.microsoft.com/developer/msbuild/2003">
  <ItemGroup>
    <CustomBuild Include="CMakeFiles\088dd9a5e5fa578b0d696919ea1e4631\RUN_TESTS_force.rule">
      <Filter>CMake Rules</Filter>
    </CustomBuild>
  </ItemGroup>
  <ItemGroup>
    <Filter Include="CMake Rules">
      <UniqueIdentifier>{022788C8-8960-3C74-ADB6-B9F6E998BE8A}</UniqueIdentifier>
    </Filter>
  </ItemGroup>
</Project>
