
Microsoft Visual Studio Solution File, Format Version 12.00
# Visual Studio Version 17
Project("{8BC9CEB8-8B4A-11D0-8D11-00A0C91BC942}") = "ALL_BUILD", "ALL_BUILD.vcxproj", "{E589FA16-4737-386B-8663-B0F92929B43D}"
	ProjectSection(ProjectDependencies) = postProject
		{FA6E1E7A-6CBB-3AEF-9FDD-1F4F255B3B3A} = {FA6E1E7A-6CBB-3AEF-9FDD-1F4F255B3B3A}
		{58F94B47-F6BD-33DE-81B2-F34B68DFA1A9} = {58F94B47-F6BD-33DE-81B2-F34B68DFA1A9}
		{9DC32E93-701D-3B6D-BB2A-D8F627257DB3} = {9DC32E93-701D-3B6D-BB2A-D8F627257DB3}
	EndProjectSection
EndProject
Project("{8BC9CEB8-8B4A-11D0-8D11-00A0C91BC942}") = "ZERO_CHECK", "..\..\\ZERO_CHECK.vcxproj", "{FA6E1E7A-6CBB-3AEF-9FDD-1F4F255B3B3A}"
	ProjectSection(ProjectDependencies) = postProject
	EndProjectSection
EndProject
Project("{8BC9CEB8-8B4A-11D0-8D11-00A0C91BC942}") = "test_yasw", "test_yasw.vcxproj", "{58F94B47-F6BD-33DE-81B2-F34B68DFA1A9}"
	ProjectSection(ProjectDependencies) = postProject
		{FA6E1E7A-6CBB-3AEF-9FDD-1F4F255B3B3A} = {FA6E1E7A-6CBB-3AEF-9FDD-1F4F255B3B3A}
		{9DC32E93-701D-3B6D-BB2A-D8F627257DB3} = {9DC32E93-701D-3B6D-BB2A-D8F627257DB3}
	EndProjectSection
EndProject
Project("{8BC9CEB8-8B4A-11D0-8D11-00A0C91BC942}") = "yasw", "yasw.vcxproj", "{9DC32E93-701D-3B6D-BB2A-D8F627257DB3}"
	ProjectSection(ProjectDependencies) = postProject
		{FA6E1E7A-6CBB-3AEF-9FDD-1F4F255B3B3A} = {FA6E1E7A-6CBB-3AEF-9FDD-1F4F255B3B3A}
	EndProjectSection
EndProject
Global
	GlobalSection(SolutionConfigurationPlatforms) = preSolution
		Debug|x64 = Debug|x64
		Release|x64 = Release|x64
		MinSizeRel|x64 = MinSizeRel|x64
		RelWithDebInfo|x64 = RelWithDebInfo|x64
	EndGlobalSection
	GlobalSection(ProjectConfigurationPlatforms) = postSolution
		{E589FA16-4737-386B-8663-B0F92929B43D}.Debug|x64.ActiveCfg = Debug|x64
		{E589FA16-4737-386B-8663-B0F92929B43D}.Release|x64.ActiveCfg = Release|x64
		{E589FA16-4737-386B-8663-B0F92929B43D}.MinSizeRel|x64.ActiveCfg = MinSizeRel|x64
		{E589FA16-4737-386B-8663-B0F92929B43D}.RelWithDebInfo|x64.ActiveCfg = RelWithDebInfo|x64
		{FA6E1E7A-6CBB-3AEF-9FDD-1F4F255B3B3A}.Debug|x64.ActiveCfg = Debug|x64
		{FA6E1E7A-6CBB-3AEF-9FDD-1F4F255B3B3A}.Debug|x64.Build.0 = Debug|x64
		{FA6E1E7A-6CBB-3AEF-9FDD-1F4F255B3B3A}.Release|x64.ActiveCfg = Release|x64
		{FA6E1E7A-6CBB-3AEF-9FDD-1F4F255B3B3A}.Release|x64.Build.0 = Release|x64
		{FA6E1E7A-6CBB-3AEF-9FDD-1F4F255B3B3A}.MinSizeRel|x64.ActiveCfg = MinSizeRel|x64
		{FA6E1E7A-6CBB-3AEF-9FDD-1F4F255B3B3A}.MinSizeRel|x64.Build.0 = MinSizeRel|x64
		{FA6E1E7A-6CBB-3AEF-9FDD-1F4F255B3B3A}.RelWithDebInfo|x64.ActiveCfg = RelWithDebInfo|x64
		{FA6E1E7A-6CBB-3AEF-9FDD-1F4F255B3B3A}.RelWithDebInfo|x64.Build.0 = RelWithDebInfo|x64
		{58F94B47-F6BD-33DE-81B2-F34B68DFA1A9}.Debug|x64.ActiveCfg = Debug|x64
		{58F94B47-F6BD-33DE-81B2-F34B68DFA1A9}.Debug|x64.Build.0 = Debug|x64
		{58F94B47-F6BD-33DE-81B2-F34B68DFA1A9}.Release|x64.ActiveCfg = Release|x64
		{58F94B47-F6BD-33DE-81B2-F34B68DFA1A9}.Release|x64.Build.0 = Release|x64
		{58F94B47-F6BD-33DE-81B2-F34B68DFA1A9}.MinSizeRel|x64.ActiveCfg = MinSizeRel|x64
		{58F94B47-F6BD-33DE-81B2-F34B68DFA1A9}.MinSizeRel|x64.Build.0 = MinSizeRel|x64
		{58F94B47-F6BD-33DE-81B2-F34B68DFA1A9}.RelWithDebInfo|x64.ActiveCfg = RelWithDebInfo|x64
		{58F94B47-F6BD-33DE-81B2-F34B68DFA1A9}.RelWithDebInfo|x64.Build.0 = RelWithDebInfo|x64
		{9DC32E93-701D-3B6D-BB2A-D8F627257DB3}.Debug|x64.ActiveCfg = Debug|x64
		{9DC32E93-701D-3B6D-BB2A-D8F627257DB3}.Debug|x64.Build.0 = Debug|x64
		{9DC32E93-701D-3B6D-BB2A-D8F627257DB3}.Release|x64.ActiveCfg = Release|x64
		{9DC32E93-701D-3B6D-BB2A-D8F627257DB3}.Release|x64.Build.0 = Release|x64
		{9DC32E93-701D-3B6D-BB2A-D8F627257DB3}.MinSizeRel|x64.ActiveCfg = MinSizeRel|x64
		{9DC32E93-701D-3B6D-BB2A-D8F627257DB3}.MinSizeRel|x64.Build.0 = MinSizeRel|x64
		{9DC32E93-701D-3B6D-BB2A-D8F627257DB3}.RelWithDebInfo|x64.ActiveCfg = RelWithDebInfo|x64
		{9DC32E93-701D-3B6D-BB2A-D8F627257DB3}.RelWithDebInfo|x64.Build.0 = RelWithDebInfo|x64
	EndGlobalSection
	GlobalSection(ExtensibilityGlobals) = postSolution
		SolutionGuid = {CECA0271-2D35-3AB9-807F-C8E95CB2991E}
	EndGlobalSection
	GlobalSection(ExtensibilityAddIns) = postSolution
	EndGlobalSection
EndGlobal
